{
  "name": "app",
  "lockfileVersion": 3,
  "requires": true,
  "packages": {
    "": {
      "dependencies": {
        "rahuldhole-sample-npm-package": "^1.0.0"
      }
    },
    "../package": {
      "name": "@rahuldhole/sample-npm-package",
      "version": "1.0.0",
      "extraneous": true,
      "license": "ISC"
    },
    "node_modules/dexie": {
      "version": "4.0.4",
      "resolved": "https://registry.npmjs.org/dexie/-/dexie-4.0.4.tgz",
      "integrity": "sha512-wFzwWSUdi+MC3jiFeQcCp9nInR7EaX8edzYY+4wmiITkQAiSnHpe4Wo2o5Ce5tJZe2nqt7mLW91MsW4GYx3ziQ=="
    },
    "node_modules/rahuldhole-sample-npm-package": {
      "version": "1.0.0",
      "resolved": "https://registry.npmjs.org/rahuldhole-sample-npm-package/-/rahuldhole-sample-npm-package-1.0.0.tgz",
      "integrity": "sha512-FByHHQ6tSN27lNJzZ/9BvKI6VxIKBMPihSlceewHOonybh+Zpeljalt6Yldm1IgdDNTKjYOPbKciDsY6EcT7uQ=="
    }
  }
}
